{
  "name": "GoLiveCode",
  "lockfileVersion": 2,
  "requires": true,
  "packages": {
    "": {
      "dependencies": {
        "agora-chat": "^1.0.8"
      }
    },
    "node_modules/agora-chat": {
      "version": "1.0.8",
      "resolved": "https://registry.npmjs.org/agora-chat/-/agora-chat-1.0.8.tgz",
      "integrity": "sha512-L+AYg8B8hC6yocLed2q7Ia71SvFz9yM9/mxtPuSI5AvvSFJI6z35HdxExEbL5aACxsUYukKBuX9aDcHEMunD3g=="
    }
  },
  "dependencies": {
    "agora-chat": {
      "version": "1.0.8",
      "resolved": "https://registry.npmjs.org/agora-chat/-/agora-chat-1.0.8.tgz",
      "integrity": "sha512-L+AYg8B8hC6yocLed2q7Ia71SvFz9yM9/mxtPuSI5AvvSFJI6z35HdxExEbL5aACxsUYukKBuX9aDcHEMunD3g=="
    }
  }
}
